
Microsoft Visual Studio Solution File, Format Version 12.00
# Visual Studio 2013
VisualStudioVersion = 12.0.21005.1
MinimumVisualStudioVersion = 10.0.40219.1
Project("{FAE04EC0-301F-11D3-BF4B-00C04F79EFBC}") = "TaxiForms", "TaxiForms\TaxiForms.csproj", "{CCA43F2C-F98D-430B-ADD2-0A1BA727D7A0}"
EndProject
Project("{FAE04EC0-301F-11D3-BF4B-00C04F79EFBC}") = "DataAccessLayer", "DataAccessLayer\DataAccessLayer.csproj", "{891FA66C-BFE3-4658-8D6F-2C76C6C8A394}"
EndProject
Project("{FAE04EC0-301F-11D3-BF4B-00C04F79EFBC}") = "BusinessLogicLayer", "BusinessLogicLayer\BusinessLogicLayer.csproj", "{C2B4D098-B3B5-4861-866D-55F1F0C5B87E}"
EndProject
Global
	GlobalSection(SolutionConfigurationPlatforms) = preSolution
		Debug|Any CPU = Debug|Any CPU
		Release|Any CPU = Release|Any CPU
	EndGlobalSection
	GlobalSection(ProjectConfigurationPlatforms) = postSolution
		{CCA43F2C-F98D-430B-ADD2-0A1BA727D7A0}.Debug|Any CPU.ActiveCfg = Debug|Any CPU
		{CCA43F2C-F98D-430B-ADD2-0A1BA727D7A0}.Debug|Any CPU.Build.0 = Debug|Any CPU
		{CCA43F2C-F98D-430B-ADD2-0A1BA727D7A0}.Release|Any CPU.ActiveCfg = Release|Any CPU
		{CCA43F2C-F98D-430B-ADD2-0A1BA727D7A0}.Release|Any CPU.Build.0 = Release|Any CPU
		{891FA66C-BFE3-4658-8D6F-2C76C6C8A394}.Debug|Any CPU.ActiveCfg = Debug|Any CPU
		{891FA66C-BFE3-4658-8D6F-2C76C6C8A394}.Debug|Any CPU.Build.0 = Debug|Any CPU
		{891FA66C-BFE3-4658-8D6F-2C76C6C8A394}.Release|Any CPU.ActiveCfg = Release|Any CPU
		{891FA66C-BFE3-4658-8D6F-2C76C6C8A394}.Release|Any CPU.Build.0 = Release|Any CPU
		{C2B4D098-B3B5-4861-866D-55F1F0C5B87E}.Debug|Any CPU.ActiveCfg = Debug|Any CPU
		{C2B4D098-B3B5-4861-866D-55F1F0C5B87E}.Debug|Any CPU.Build.0 = Debug|Any CPU
		{C2B4D098-B3B5-4861-866D-55F1F0C5B87E}.Release|Any CPU.ActiveCfg = Release|Any CPU
		{C2B4D098-B3B5-4861-866D-55F1F0C5B87E}.Release|Any CPU.Build.0 = Release|Any CPU
	EndGlobalSection
	GlobalSection(SolutionProperties) = preSolution
		HideSolutionNode = FALSE
	EndGlobalSection
EndGlobal
